
Microsoft Visual Studio Solution File, Format Version 12.00
# Visual Studio Version 17
VisualStudioVersion = 17.8.34330.188
MinimumVisualStudioVersion = 10.0.40219.1
Project("{FAE04EC0-301F-11D3-BF4B-00C04F79EFBC}") = "MuhammadTaha_MVC_Project", "MuhammadTaha_MVC_Project.csproj", "{B3D45991-DDEB-4A6D-9016-22B3E583CCD2}"
EndProject
Global
	GlobalSection(SolutionConfigurationPlatforms) = preSolution
		Debug|Any CPU = Debug|Any CPU
		Release|Any CPU = Release|Any CPU
	EndGlobalSection
	GlobalSection(ProjectConfigurationPlatforms) = postSolution
		{B3D45991-DDEB-4A6D-9016-22B3E583CCD2}.Debug|Any CPU.ActiveCfg = Debug|Any CPU
		{B3D45991-DDEB-4A6D-9016-22B3E583CCD2}.Debug|Any CPU.Build.0 = Debug|Any CPU
		{B3D45991-DDEB-4A6D-9016-22B3E583CCD2}.Release|Any CPU.ActiveCfg = Release|Any CPU
		{B3D45991-DDEB-4A6D-9016-22B3E583CCD2}.Release|Any CPU.Build.0 = Release|Any CPU
	EndGlobalSection
	GlobalSection(SolutionProperties) = preSolution
		HideSolutionNode = FALSE
	EndGlobalSection
	GlobalSection(ExtensibilityGlobals) = postSolution
		SolutionGuid = {5C4EF2FA-00E7-4C40-864C-E298FB788090}
	EndGlobalSection
EndGlobal
